// !$*UTF8*$!
{
	archiveVersion = 1;
	classes = {
	};
	objectVersion = 51;
	objects = {

/* Begin PBXBuildFile section */
		0867044469A93BC0D14E69C5 /* Pods_leka_messenger_app.framework in Frameworks */ = {isa = PBXBuildFile; fileRef = CB2DEA82A3FD862220553512 /* Pods_leka_messenger_app.framework */; };
		45468C5323FA1D8800677873 /* AppDelegate.swift in Sources */ = {isa = PBXBuildFile; fileRef = 45468C5223FA1D8800677873 /* AppDelegate.swift */; };
		45468C5523FA1D8800677873 /* SceneDelegate.swift in Sources */ = {isa = PBXBuildFile; fileRef = 45468C5423FA1D8800677873 /* SceneDelegate.swift */; };
		45468C5923FA1D8800677873 /* Assets.xcassets in Resources */ = {isa = PBXBuildFile; fileRef = 45468C5823FA1D8800677873 /* Assets.xcassets */; };
		45468C5C23FA1D8800677873 /* Preview Assets.xcassets in Resources */ = {isa = PBXBuildFile; fileRef = 45468C5B23FA1D8800677873 /* Preview Assets.xcassets */; };
		45468C5F23FA1D8800677873 /* LaunchScreen.storyboard in Resources */ = {isa = PBXBuildFile; fileRef = 45468C5D23FA1D8800677873 /* LaunchScreen.storyboard */; };
		45468C6723FA2E3900677873 /* GoogleService-Info.plist in Resources */ = {isa = PBXBuildFile; fileRef = 45468C6623FA2E3900677873 /* GoogleService-Info.plist */; };
		45468C6923FA33C800677873 /* SignInViewController.swift in Sources */ = {isa = PBXBuildFile; fileRef = 45468C6823FA33C800677873 /* SignInViewController.swift */; };
		45C0DD1423FAF2EC0031194F /* MessageThreadsViewController.swift in Sources */ = {isa = PBXBuildFile; fileRef = 45C0DD1323FAF2EC0031194F /* MessageThreadsViewController.swift */; };
/* End PBXBuildFile section */

/* Begin PBXFileReference section */
		45468C4F23FA1D8800677873 /* leka-messenger-app.app */ = {isa = PBXFileReference; explicitFileType = wrapper.application; includeInIndex = 0; path = "leka-messenger-app.app"; sourceTree = BUILT_PRODUCTS_DIR; };
		45468C5223FA1D8800677873 /* AppDelegate.swift */ = {isa = PBXFileReference; lastKnownFileType = sourcecode.swift; path = AppDelegate.swift; sourceTree = "<group>"; };
		45468C5423FA1D8800677873 /* SceneDelegate.swift */ = {isa = PBXFileReference; lastKnownFileType = sourcecode.swift; path = SceneDelegate.swift; sourceTree = "<group>"; };
		45468C5823FA1D8800677873 /* Assets.xcassets */ = {isa = PBXFileReference; lastKnownFileType = folder.assetcatalog; path = Assets.xcassets; sourceTree = "<group>"; };
		45468C5B23FA1D8800677873 /* Preview Assets.xcassets */ = {isa = PBXFileReference; lastKnownFileType = folder.assetcatalog; path = "Preview Assets.xcassets"; sourceTree = "<group>"; };
		45468C5E23FA1D8800677873 /* Base */ = {isa = PBXFileReference; lastKnownFileType = file.storyboard; name = Base; path = Base.lproj/LaunchScreen.storyboard; sourceTree = "<group>"; };
		45468C6023FA1D8800677873 /* Info.plist */ = {isa = PBXFileReference; lastKnownFileType = text.plist.xml; path = Info.plist; sourceTree = "<group>"; };
		45468C6623FA2E3900677873 /* GoogleService-Info.plist */ = {isa = PBXFileReference; fileEncoding = 4; lastKnownFileType = text.plist.xml; path = "GoogleService-Info.plist"; sourceTree = "<group>"; };
		45468C6823FA33C800677873 /* SignInViewController.swift */ = {isa = PBXFileReference; lastKnownFileType = sourcecode.swift; path = SignInViewController.swift; sourceTree = "<group>"; };
		45C0DD1323FAF2EC0031194F /* MessageThreadsViewController.swift */ = {isa = PBXFileReference; lastKnownFileType = sourcecode.swift; path = MessageThreadsViewController.swift; sourceTree = "<group>"; };
		CADC46B7AD73041FCF087369 /* Pods-leka-messenger-app.release.xcconfig */ = {isa = PBXFileReference; includeInIndex = 1; lastKnownFileType = text.xcconfig; name = "Pods-leka-messenger-app.release.xcconfig"; path = "Target Support Files/Pods-leka-messenger-app/Pods-leka-messenger-app.release.xcconfig"; sourceTree = "<group>"; };
		CB2DEA82A3FD862220553512 /* Pods_leka_messenger_app.framework */ = {isa = PBXFileReference; explicitFileType = wrapper.framework; includeInIndex = 0; path = Pods_leka_messenger_app.framework; sourceTree = BUILT_PRODUCTS_DIR; };
		D2826277B09F7B43C512E4E3 /* Pods-leka-messenger-app.debug.xcconfig */ = {isa = PBXFileReference; includeInIndex = 1; lastKnownFileType = text.xcconfig; name = "Pods-leka-messenger-app.debug.xcconfig"; path = "Target Support Files/Pods-leka-messenger-app/Pods-leka-messenger-app.debug.xcconfig"; sourceTree = "<group>"; };
/* End PBXFileReference section */

/* Begin PBXFrameworksBuildPhase section */
		45468C4C23FA1D8800677873 /* Frameworks */ = {
			isa = PBXFrameworksBuildPhase;
			buildActionMask = 2147483647;
			files = (
				0867044469A93BC0D14E69C5 /* Pods_leka_messenger_app.framework in Frameworks */,
			);
			runOnlyForDeploymentPostprocessing = 0;
		};
/* End PBXFrameworksBuildPhase section */

/* Begin PBXGroup section */
		45468C4623FA1D8800677873 = {
			isa = PBXGroup;
			children = (
				45468C5123FA1D8800677873 /* leka-messenger-app */,
				45468C5023FA1D8800677873 /* Products */,
				F440F751ACC56A1219191EEF /* Pods */,
				86C2C436E59A13A94D7E70C1 /* Frameworks */,
			);
			sourceTree = "<group>";
		};
		45468C5023FA1D8800677873 /* Products */ = {
			isa = PBXGroup;
			children = (
				45468C4F23FA1D8800677873 /* leka-messenger-app.app */,
			);
			name = Products;
			sourceTree = "<group>";
		};
		45468C5123FA1D8800677873 /* leka-messenger-app */ = {
			isa = PBXGroup;
			children = (
				45468C6823FA33C800677873 /* SignInViewController.swift */,
				45C0DD1323FAF2EC0031194F /* MessageThreadsViewController.swift */,
				45468C5223FA1D8800677873 /* AppDelegate.swift */,
				45468C5423FA1D8800677873 /* SceneDelegate.swift */,
				45468C5823FA1D8800677873 /* Assets.xcassets */,
				45468C5D23FA1D8800677873 /* LaunchScreen.storyboard */,
				45468C6023FA1D8800677873 /* Info.plist */,
				45468C6623FA2E3900677873 /* GoogleService-Info.plist */,
				45468C5A23FA1D8800677873 /* Preview Content */,
			);
			path = "leka-messenger-app";
			sourceTree = "<group>";
		};
		45468C5A23FA1D8800677873 /* Preview Content */ = {
			isa = PBXGroup;
			children = (
				45468C5B23FA1D8800677873 /* Preview Assets.xcassets */,
			);
			path = "Preview Content";
			sourceTree = "<group>";
		};
		86C2C436E59A13A94D7E70C1 /* Frameworks */ = {
			isa = PBXGroup;
			children = (
				CB2DEA82A3FD862220553512 /* Pods_leka_messenger_app.framework */,
			);
			name = Frameworks;
			sourceTree = "<group>";
		};
		F440F751ACC56A1219191EEF /* Pods */ = {
			isa = PBXGroup;
			children = (
				D2826277B09F7B43C512E4E3 /* Pods-leka-messenger-app.debug.xcconfig */,
				CADC46B7AD73041FCF087369 /* Pods-leka-messenger-app.release.xcconfig */,
			);
			path = Pods;
			sourceTree = "<group>";
		};
/* End PBXGroup section */

/* Begin PBXNativeTarget section */
		45468C4E23FA1D8800677873 /* leka-messenger-app */ = {
			isa = PBXNativeTarget;
			buildConfigurationList = 45468C6323FA1D8800677873 /* Build configuration list for PBXNativeTarget "leka-messenger-app" */;
			buildPhases = (
				357EC7EFA5EC43A5FFC5E0B5 /* [CP] Check Pods Manifest.lock */,
				45468C4B23FA1D8800677873 /* Sources */,
				45468C4C23FA1D8800677873 /* Frameworks */,
				45468C4D23FA1D8800677873 /* Resources */,
				48455F4B706CBD94325F6A74 /* [CP] Embed Pods Frameworks */,
			);
			buildRules = (
			);
			dependencies = (
			);
			name = "leka-messenger-app";
			productName = "leka-messenger-app";
			productReference = 45468C4F23FA1D8800677873 /* leka-messenger-app.app */;
			productType = "com.apple.product-type.application";
		};
/* End PBXNativeTarget section */

/* Begin PBXProject section */
		45468C4723FA1D8800677873 /* Project object */ = {
			isa = PBXProject;
			attributes = {
				LastSwiftUpdateCheck = 1130;
				LastUpgradeCheck = 1130;
				ORGANIZATIONNAME = robbiegay;
				TargetAttributes = {
					45468C4E23FA1D8800677873 = {
						CreatedOnToolsVersion = 11.3.1;
					};
				};
			};
			buildConfigurationList = 45468C4A23FA1D8800677873 /* Build configuration list for PBXProject "leka-messenger-app" */;
			compatibilityVersion = "Xcode 9.3";
			developmentRegion = en;
			hasScannedForEncodings = 0;
			knownRegions = (
				en,
				Base,
			);
			mainGroup = 45468C4623FA1D8800677873;
			productRefGroup = 45468C5023FA1D8800677873 /* Products */;
			projectDirPath = "";
			projectRoot = "";
			targets = (
				45468C4E23FA1D8800677873 /* leka-messenger-app */,
			);
		};
/* End PBXProject section */

/* Begin PBXResourcesBuildPhase section */
		45468C4D23FA1D8800677873 /* Resources */ = {
			isa = PBXResourcesBuildPhase;
			buildActionMask = 2147483647;
			files = (
				45468C5F23FA1D8800677873 /* LaunchScreen.storyboard in Resources */,
				45468C6723FA2E3900677873 /* GoogleService-Info.plist in Resources */,
				45468C5C23FA1D8800677873 /* Preview Assets.xcassets in Resources */,
				45468C5923FA1D8800677873 /* Assets.xcassets in Resources */,
			);
			runOnlyForDeploymentPostprocessing = 0;
		};
/* End PBXResourcesBuildPhase section */

/* Begin PBXShellScriptBuildPhase section */
		357EC7EFA5EC43A5FFC5E0B5 /* [CP] Check Pods Manifest.lock */ = {
			isa = PBXShellScriptBuildPhase;
			buildActionMask = 2147483647;
			files = (
			);
			inputFileListPaths = (
			);
			inputPaths = (
				"${PODS_PODFILE_DIR_PATH}/Podfile.lock",
				"${PODS_ROOT}/Manifest.lock",
			);
			name = "[CP] Check Pods Manifest.lock";
			outputFileListPaths = (
			);
			outputPaths = (
				"$(DERIVED_FILE_DIR)/Pods-leka-messenger-app-checkManifestLockResult.txt",
			);
			runOnlyForDeploymentPostprocessing = 0;
			shellPath = /bin/sh;
			shellScript = "diff \"${PODS_PODFILE_DIR_PATH}/Podfile.lock\" \"${PODS_ROOT}/Manifest.lock\" > /dev/null\nif [ $? != 0 ] ; then\n    # print error to STDERR\n    echo \"error: The sandbox is not in sync with the Podfile.lock. Run 'pod install' or update your CocoaPods installation.\" >&2\n    exit 1\nfi\n# This output is used by Xcode 'outputs' to avoid re-running this script phase.\necho \"SUCCESS\" > \"${SCRIPT_OUTPUT_FILE_0}\"\n";
			showEnvVarsInLog = 0;
		};
		48455F4B706CBD94325F6A74 /* [CP] Embed Pods Frameworks */ = {
			isa = PBXShellScriptBuildPhase;
			buildActionMask = 2147483647;
			files = (
			);
			inputFileListPaths = (
				"${PODS_ROOT}/Target Support Files/Pods-leka-messenger-app/Pods-leka-messenger-app-frameworks-${CONFIGURATION}-input-files.xcfilelist",
			);
			name = "[CP] Embed Pods Frameworks";
			outputFileListPaths = (
				"${PODS_ROOT}/Target Support Files/Pods-leka-messenger-app/Pods-leka-messenger-app-frameworks-${CONFIGURATION}-output-files.xcfilelist",
			);
			runOnlyForDeploymentPostprocessing = 0;
			shellPath = /bin/sh;
			shellScript = "\"${PODS_ROOT}/Target Support Files/Pods-leka-messenger-app/Pods-leka-messenger-app-frameworks.sh\"\n";
			showEnvVarsInLog = 0;
		};
/* End PBXShellScriptBuildPhase section */

/* Begin PBXSourcesBuildPhase section */
		45468C4B23FA1D8800677873 /* Sources */ = {
			isa = PBXSourcesBuildPhase;
			buildActionMask = 2147483647;
			files = (
				45C0DD1423FAF2EC0031194F /* MessageThreadsViewController.swift in Sources */,
				45468C5323FA1D8800677873 /* AppDelegate.swift in Sources */,
				45468C5523FA1D8800677873 /* SceneDelegate.swift in Sources */,
				45468C6923FA33C800677873 /* SignInViewController.swift in Sources */,
			);
			runOnlyForDeploymentPostprocessing = 0;
		};
/* End PBXSourcesBuildPhase section */

/* Begin PBXVariantGroup section */
		45468C5D23FA1D8800677873 /* LaunchScreen.storyboard */ = {
			isa = PBXVariantGroup;
			children = (
				45468C5E23FA1D8800677873 /* Base */,
			);
			name = LaunchScreen.storyboard;
			sourceTree = "<group>";
		};
/* End PBXVariantGroup section */

/* Begin XCBuildConfiguration section */
		45468C6123FA1D8800677873 /* Debug */ = {
			isa = XCBuildConfiguration;
			buildSettings = {
				ALWAYS_SEARCH_USER_PATHS = NO;
				CLANG_ANALYZER_NONNULL = YES;
				CLANG_ANALYZER_NUMBER_OBJECT_CONVERSION = YES_AGGRESSIVE;
				CLANG_CXX_LANGUAGE_STANDARD = "gnu++14";
				CLANG_CXX_LIBRARY = "libc++";
				CLANG_ENABLE_MODULES = YES;
				CLANG_ENABLE_OBJC_ARC = YES;
				CLANG_ENABLE_OBJC_WEAK = YES;
				CLANG_WARN_BLOCK_CAPTURE_AUTORELEASING = YES;
				CLANG_WARN_BOOL_CONVERSION = YES;
				CLANG_WARN_COMMA = YES;
				CLANG_WARN_CONSTANT_CONVERSION = YES;
				CLANG_WARN_DEPRECATED_OBJC_IMPLEMENTATIONS = YES;
				CLANG_WARN_DIRECT_OBJC_ISA_USAGE = YES_ERROR;
				CLANG_WARN_DOCUMENTATION_COMMENTS = YES;
				CLANG_WARN_EMPTY_BODY = YES;
				CLANG_WARN_ENUM_CONVERSION = YES;
				CLANG_WARN_INFINITE_RECURSION = YES;
				CLANG_WARN_INT_CONVERSION = YES;
				CLANG_WARN_NON_LITERAL_NULL_CONVERSION = YES;
				CLANG_WARN_OBJC_IMPLICIT_RETAIN_SELF = YES;
				CLANG_WARN_OBJC_LITERAL_CONVERSION = YES;
				CLANG_WARN_OBJC_ROOT_CLASS = YES_ERROR;
				CLANG_WARN_RANGE_LOOP_ANALYSIS = YES;
				CLANG_WARN_STRICT_PROTOTYPES = YES;
				CLANG_WARN_SUSPICIOUS_MOVE = YES;
				CLANG_WARN_UNGUARDED_AVAILABILITY = YES_AGGRESSIVE;
				CLANG_WARN_UNREACHABLE_CODE = YES;
				CLANG_WARN__DUPLICATE_METHOD_MATCH = YES;
				COPY_PHASE_STRIP = NO;
				DEBUG_INFORMATION_FORMAT = dwarf;
				ENABLE_STRICT_OBJC_MSGSEND = YES;
				ENABLE_TESTABILITY = YES;
				GCC_C_LANGUAGE_STANDARD = gnu11;
				GCC_DYNAMIC_NO_PIC = NO;
				GCC_NO_COMMON_BLOCKS = YES;
				GCC_OPTIMIZATION_LEVEL = 0;
				GCC_PREPROCESSOR_DEFINITIONS = (
					"DEBUG=1",
					"$(inherited)",
				);
				GCC_WARN_64_TO_32_BIT_CONVERSION = YES;
				GCC_WARN_ABOUT_RETURN_TYPE = YES_ERROR;
				GCC_WARN_UNDECLARED_SELECTOR = YES;
				GCC_WARN_UNINITIALIZED_AUTOS = YES_AGGRESSIVE;
				GCC_WARN_UNUSED_FUNCTION = YES;
				GCC_WARN_UNUSED_VARIABLE = YES;
				IPHONEOS_DEPLOYMENT_TARGET = 13.2;
				MTL_ENABLE_DEBUG_INFO = INCLUDE_SOURCE;
				MTL_FAST_MATH = YES;
				ONLY_ACTIVE_ARCH = YES;
				SDKROOT = iphoneos;
				SWIFT_ACTIVE_COMPILATION_CONDITIONS = DEBUG;
				SWIFT_OPTIMIZATION_LEVEL = "-Onone";
			};
			name = Debug;
		};
		45468C6223FA1D8800677873 /* Release */ = {
			isa = XCBuildConfiguration;
			buildSettings = {
				ALWAYS_SEARCH_USER_PATHS = NO;
				CLANG_ANALYZER_NONNULL = YES;
				CLANG_ANALYZER_NUMBER_OBJECT_CONVERSION = YES_AGGRESSIVE;
				CLANG_CXX_LANGUAGE_STANDARD = "gnu++14";
				CLANG_CXX_LIBRARY = "libc++";
				CLANG_ENABLE_MODULES = YES;
				CLANG_ENABLE_OBJC_ARC = YES;
				CLANG_ENABLE_OBJC_WEAK = YES;
				CLANG_WARN_BLOCK_CAPTURE_AUTORELEASING = YES;
				CLANG_WARN_BOOL_CONVERSION = YES;
				CLANG_WARN_COMMA = YES;
				CLANG_WARN_CONSTANT_CONVERSION = YES;
				CLANG_WARN_DEPRECATED_OBJC_IMPLEMENTATIONS = YES;
				CLANG_WARN_DIRECT_OBJC_ISA_USAGE = YES_ERROR;
				CLANG_WARN_DOCUMENTATION_COMMENTS = YES;
				CLANG_WARN_EMPTY_BODY = YES;
				CLANG_WARN_ENUM_CONVERSION = YES;
				CLANG_WARN_INFINITE_RECURSION = YES;
				CLANG_WARN_INT_CONVERSION = YES;
				CLANG_WARN_NON_LITERAL_NULL_CONVERSION = YES;
				CLANG_WARN_OBJC_IMPLICIT_RETAIN_SELF = YES;
				CLANG_WARN_OBJC_LITERAL_CONVERSION = YES;
				CLANG_WARN_OBJC_ROOT_CLASS = YES_ERROR;
				CLANG_WARN_RANGE_LOOP_ANALYSIS = YES;
				CLANG_WARN_STRICT_PROTOTYPES = YES;
				CLANG_WARN_SUSPICIOUS_MOVE = YES;
				CLANG_WARN_UNGUARDED_AVAILABILITY = YES_AGGRESSIVE;
				CLANG_WARN_UNREACHABLE_CODE = YES;
				CLANG_WARN__DUPLICATE_METHOD_MATCH = YES;
				COPY_PHASE_STRIP = NO;
				DEBUG_INFORMATION_FORMAT = "dwarf-with-dsym";
				ENABLE_NS_ASSERTIONS = NO;
				ENABLE_STRICT_OBJC_MSGSEND = YES;
				GCC_C_LANGUAGE_STANDARD = gnu11;
				GCC_NO_COMMON_BLOCKS = YES;
				GCC_WARN_64_TO_32_BIT_CONVERSION = YES;
				GCC_WARN_ABOUT_RETURN_TYPE = YES_ERROR;
				GCC_WARN_UNDECLARED_SELECTOR = YES;
				GCC_WARN_UNINITIALIZED_AUTOS = YES_AGGRESSIVE;
				GCC_WARN_UNUSED_FUNCTION = YES;
				GCC_WARN_UNUSED_VARIABLE = YES;
				IPHONEOS_DEPLOYMENT_TARGET = 13.2;
				MTL_ENABLE_DEBUG_INFO = NO;
				MTL_FAST_MATH = YES;
				SDKROOT = iphoneos;
				SWIFT_COMPILATION_MODE = wholemodule;
				SWIFT_OPTIMIZATION_LEVEL = "-O";
				VALIDATE_PRODUCT = YES;
			};
			name = Release;
		};
		45468C6423FA1D8800677873 /* Debug */ = {
			isa = XCBuildConfiguration;
			baseConfigurationReference = D2826277B09F7B43C512E4E3 /* Pods-leka-messenger-app.debug.xcconfig */;
			buildSettings = {
				ASSETCATALOG_COMPILER_APPICON_NAME = AppIcon;
				CODE_SIGN_STYLE = Automatic;
				DEVELOPMENT_ASSET_PATHS = "\"leka-messenger-app/Preview Content\"";
				DEVELOPMENT_TEAM = 54YR42Q56C;
				ENABLE_PREVIEWS = YES;
				INFOPLIST_FILE = "leka-messenger-app/Info.plist";
				LD_RUNPATH_SEARCH_PATHS = (
					"$(inherited)",
					"@executable_path/Frameworks",
				);
				PRODUCT_BUNDLE_IDENTIFIER = "com.robbiegay.leka-messenger-app";
				PRODUCT_NAME = "$(TARGET_NAME)";
				SWIFT_VERSION = 5.0;
				TARGETED_DEVICE_FAMILY = "1,2";
			};
			name = Debug;
		};
		45468C6523FA1D8800677873 /* Release */ = {
			isa = XCBuildConfiguration;
			baseConfigurationReference = CADC46B7AD73041FCF087369 /* Pods-leka-messenger-app.release.xcconfig */;
			buildSettings = {
				ASSETCATALOG_COMPILER_APPICON_NAME = AppIcon;
				CODE_SIGN_STYLE = Automatic;
				DEVELOPMENT_ASSET_PATHS = "\"leka-messenger-app/Preview Content\"";
				DEVELOPMENT_TEAM = 54YR42Q56C;
				ENABLE_PREVIEWS = YES;
				INFOPLIST_FILE = "leka-messenger-app/Info.plist";
				LD_RUNPATH_SEARCH_PATHS = (
					"$(inherited)",
					"@executable_path/Frameworks",
				);
				PRODUCT_BUNDLE_IDENTIFIER = "com.robbiegay.leka-messenger-app";
				PRODUCT_NAME = "$(TARGET_NAME)";
				SWIFT_VERSION = 5.0;
				TARGETED_DEVICE_FAMILY = "1,2";
			};
			name = Release;
		};
/* End XCBuildConfiguration section */

/* Begin XCConfigurationList section */
		45468C4A23FA1D8800677873 /* Build configuration list for PBXProject "leka-messenger-app" */ = {
			isa = XCConfigurationList;
			buildConfigurations = (
				45468C6123FA1D8800677873 /* Debug */,
				45468C6223FA1D8800677873 /* Release */,
			);
			defaultConfigurationIsVisible = 0;
			defaultConfigurationName = Release;
		};
		45468C6323FA1D8800677873 /* Build configuration list for PBXNativeTarget "leka-messenger-app" */ = {
			isa = XCConfigurationList;
			buildConfigurations = (
				45468C6423FA1D8800677873 /* Debug */,
				45468C6523FA1D8800677873 /* Release */,
			);
			defaultConfigurationIsVisible = 0;
			defaultConfigurationName = Release;
		};
/* End XCConfigurationList section */
	};
	rootObject = 45468C4723FA1D8800677873 /* Project object */;
}
